{
  "name": "ajker-news-worker",
  "version": "1.0.0",
  "lockfileVersion": 3,
  "requires": true,
  "packages": {
    "": {
      "name": "ajker-news-worker",
      "version": "1.0.0",
      "dependencies": {
        "web-push": "^3.6.7"
      },
      "devDependencies": {
        "wrangler": "^4.127.1"
      }
    },
    "node_modules/web-push": {
      "version": "3.6.7",
      "resolved": "https://registry.npmjs.org/web-push/-/web-push-3.6.7.tgz",
      "integrity": "sha512-2M9ZQg0I5Dz2Dgq+yWYbVcF3jR7u23t8hYp2A9aZjRjN+0KJLu2S2HrZksWST/eA2xUyZ7sZNy4x8dGcXs/HEg==",
      "dependencies": {
        "asn1.js": "^5.4.1",
        "http_ece": "^1.1.0",
        "https-proxy-agent": "^5.0.1",
        "jws": "^4.0.0",
        "minimist": "^1.2.5",
        "url-safe-base64": "^1.1.1"
      },
      "bin": {
        "web-push": "src/cli.js"
      },
      "engines": {
        "node": ">= 6"
      }
    }
  }
}
